
Microsoft Visual Studio Solution File, Format Version 12.00
# Visual Studio Version 16
VisualStudioVersion = 16.0.31019.35
MinimumVisualStudioVersion = 10.0.40219.1
Project("{9A19103F-16F7-4668-BE54-9A1E7A4F7556}") = "UdemyCompleteCsharp_SearchAlgo", "UdemyCompleteCsharp_SearchAlgo\UdemyCompleteCsharp_SearchAlgo.csproj", "{479BD8BE-4BCA-4B53-9C57-C1DC96A818DF}"
EndProject
Project("{9A19103F-16F7-4668-BE54-9A1E7A4F7556}") = "BinarySearch", "BinarySearch\BinarySearch.csproj", "{54089D18-3AF3-4B86-869D-D7BD5959DF54}"
EndProject
Project("{FAE04EC0-301F-11D3-BF4B-00C04F79EFBC}") = "InterpolationSearch", "InterpolationSearch\InterpolationSearch.csproj", "{E8860984-4EE9-436A-A5A3-5B60E5B3DE67}"
EndProject
Global
	GlobalSection(SolutionConfigurationPlatforms) = preSolution
		Debug|Any CPU = Debug|Any CPU
		Release|Any CPU = Release|Any CPU
	EndGlobalSection
	GlobalSection(ProjectConfigurationPlatforms) = postSolution
		{479BD8BE-4BCA-4B53-9C57-C1DC96A818DF}.Debug|Any CPU.ActiveCfg = Debug|Any CPU
		{479BD8BE-4BCA-4B53-9C57-C1DC96A818DF}.Debug|Any CPU.Build.0 = Debug|Any CPU
		{479BD8BE-4BCA-4B53-9C57-C1DC96A818DF}.Release|Any CPU.ActiveCfg = Release|Any CPU
		{479BD8BE-4BCA-4B53-9C57-C1DC96A818DF}.Release|Any CPU.Build.0 = Release|Any CPU
		{54089D18-3AF3-4B86-869D-D7BD5959DF54}.Debug|Any CPU.ActiveCfg = Debug|Any CPU
		{54089D18-3AF3-4B86-869D-D7BD5959DF54}.Debug|Any CPU.Build.0 = Debug|Any CPU
		{54089D18-3AF3-4B86-869D-D7BD5959DF54}.Release|Any CPU.ActiveCfg = Release|Any CPU
		{54089D18-3AF3-4B86-869D-D7BD5959DF54}.Release|Any CPU.Build.0 = Release|Any CPU
		{E8860984-4EE9-436A-A5A3-5B60E5B3DE67}.Debug|Any CPU.ActiveCfg = Debug|Any CPU
		{E8860984-4EE9-436A-A5A3-5B60E5B3DE67}.Debug|Any CPU.Build.0 = Debug|Any CPU
		{E8860984-4EE9-436A-A5A3-5B60E5B3DE67}.Release|Any CPU.ActiveCfg = Release|Any CPU
		{E8860984-4EE9-436A-A5A3-5B60E5B3DE67}.Release|Any CPU.Build.0 = Release|Any CPU
	EndGlobalSection
	GlobalSection(SolutionProperties) = preSolution
		HideSolutionNode = FALSE
	EndGlobalSection
	GlobalSection(ExtensibilityGlobals) = postSolution
		SolutionGuid = {1E7ADF6D-8E2B-40CF-AFB9-FD730D38997D}
	EndGlobalSection
EndGlobal
